
Microsoft Visual Studio Solution File, Format Version 12.00
# Visual Studio Version 16
VisualStudioVersion = 16.0.30413.136
MinimumVisualStudioVersion = 10.0.40219.1
Project("{FAE04EC0-301F-11D3-BF4B-00C04F79EFBC}") = "RPGEngine2", "RPGEngine2.csproj", "{F2B4DBC9-7DCA-4EDD-9B5F-3C243FB40F40}"
EndProject
Project("{FAE04EC0-301F-11D3-BF4B-00C04F79EFBC}") = "BasicRPG", "Example Projects\BasicRPG\BasicRPG.csproj", "{8D8B85DB-D1B9-4809-9E89-DC18C4BF3451}"
EndProject
Project("{FAE04EC0-301F-11D3-BF4B-00C04F79EFBC}") = "RPG", "Example Projects\RPG\RPG.csproj", "{3E94E617-4582-41BF-85D9-5C30929573B2}"
EndProject
Project("{FAE04EC0-301F-11D3-BF4B-00C04F79EFBC}") = "HackermanGame", "..\HackermanGame\HackermanGame.csproj", "{EE19B029-A59E-4A9C-989C-838AF20D5588}"
EndProject
Project("{FAE04EC0-301F-11D3-BF4B-00C04F79EFBC}") = "CommonComponents", "CommonUIElements\CommonComponents.csproj", "{E0AD7ED7-A2F8-4545-B96A-BC850FAA3845}"
EndProject
Global
	GlobalSection(SolutionConfigurationPlatforms) = preSolution
		Debug|Any CPU = Debug|Any CPU
		Release|Any CPU = Release|Any CPU
	EndGlobalSection
	GlobalSection(ProjectConfigurationPlatforms) = postSolution
		{F2B4DBC9-7DCA-4EDD-9B5F-3C243FB40F40}.Debug|Any CPU.ActiveCfg = Debug|Any CPU
		{F2B4DBC9-7DCA-4EDD-9B5F-3C243FB40F40}.Debug|Any CPU.Build.0 = Debug|Any CPU
		{F2B4DBC9-7DCA-4EDD-9B5F-3C243FB40F40}.Release|Any CPU.ActiveCfg = Release|Any CPU
		{F2B4DBC9-7DCA-4EDD-9B5F-3C243FB40F40}.Release|Any CPU.Build.0 = Release|Any CPU
		{8D8B85DB-D1B9-4809-9E89-DC18C4BF3451}.Debug|Any CPU.ActiveCfg = Debug|Any CPU
		{8D8B85DB-D1B9-4809-9E89-DC18C4BF3451}.Debug|Any CPU.Build.0 = Debug|Any CPU
		{8D8B85DB-D1B9-4809-9E89-DC18C4BF3451}.Release|Any CPU.ActiveCfg = Release|Any CPU
		{8D8B85DB-D1B9-4809-9E89-DC18C4BF3451}.Release|Any CPU.Build.0 = Release|Any CPU
		{3E94E617-4582-41BF-85D9-5C30929573B2}.Debug|Any CPU.ActiveCfg = Debug|Any CPU
		{3E94E617-4582-41BF-85D9-5C30929573B2}.Debug|Any CPU.Build.0 = Debug|Any CPU
		{3E94E617-4582-41BF-85D9-5C30929573B2}.Release|Any CPU.ActiveCfg = Release|Any CPU
		{3E94E617-4582-41BF-85D9-5C30929573B2}.Release|Any CPU.Build.0 = Release|Any CPU
		{EE19B029-A59E-4A9C-989C-838AF20D5588}.Debug|Any CPU.ActiveCfg = Debug|Any CPU
		{EE19B029-A59E-4A9C-989C-838AF20D5588}.Debug|Any CPU.Build.0 = Debug|Any CPU
		{EE19B029-A59E-4A9C-989C-838AF20D5588}.Release|Any CPU.ActiveCfg = Release|Any CPU
		{EE19B029-A59E-4A9C-989C-838AF20D5588}.Release|Any CPU.Build.0 = Release|Any CPU
		{E0AD7ED7-A2F8-4545-B96A-BC850FAA3845}.Debug|Any CPU.ActiveCfg = Debug|Any CPU
		{E0AD7ED7-A2F8-4545-B96A-BC850FAA3845}.Debug|Any CPU.Build.0 = Debug|Any CPU
		{E0AD7ED7-A2F8-4545-B96A-BC850FAA3845}.Release|Any CPU.ActiveCfg = Release|Any CPU
		{E0AD7ED7-A2F8-4545-B96A-BC850FAA3845}.Release|Any CPU.Build.0 = Release|Any CPU
	EndGlobalSection
	GlobalSection(SolutionProperties) = preSolution
		HideSolutionNode = FALSE
	EndGlobalSection
	GlobalSection(ExtensibilityGlobals) = postSolution
		SolutionGuid = {F24F3F14-64B5-4864-8C3C-5A66F13175A3}
	EndGlobalSection
EndGlobal
